
Microsoft Visual Studio Solution File, Format Version 12.00
# Visual Studio Version 16
VisualStudioVersion = 16.0.31112.23
MinimumVisualStudioVersion = 10.0.40219.1
Project("{9A19103F-16F7-4668-BE54-9A1E7A4F7556}") = "MonolithicSampleRestApi", "MonolithicSampleRestApi\MonolithicSampleRestApi.csproj", "{76398B23-5BB5-4741-8639-E55D78856F00}"
EndProject
Project("{9A19103F-16F7-4668-BE54-9A1E7A4F7556}") = "MonolithicSampleRestApi.Models", "MonolithicSampleRestApi.Models\MonolithicSampleRestApi.Models.csproj", "{22EDB7DE-FD3E-4DD7-83ED-E60520C513AB}"
EndProject
Project("{9A19103F-16F7-4668-BE54-9A1E7A4F7556}") = "MonolithicSampleRestApi.Sdk", "MonolithicSampleRestApi.Sdk\MonolithicSampleRestApi.Sdk.csproj", "{E96D0466-FF51-44CE-9607-808BACF947D7}"
EndProject
Global
	GlobalSection(SolutionConfigurationPlatforms) = preSolution
		Debug|Any CPU = Debug|Any CPU
		Release|Any CPU = Release|Any CPU
	EndGlobalSection
	GlobalSection(ProjectConfigurationPlatforms) = postSolution
		{76398B23-5BB5-4741-8639-E55D78856F00}.Debug|Any CPU.ActiveCfg = Debug|Any CPU
		{76398B23-5BB5-4741-8639-E55D78856F00}.Debug|Any CPU.Build.0 = Debug|Any CPU
		{76398B23-5BB5-4741-8639-E55D78856F00}.Release|Any CPU.ActiveCfg = Release|Any CPU
		{76398B23-5BB5-4741-8639-E55D78856F00}.Release|Any CPU.Build.0 = Release|Any CPU
		{22EDB7DE-FD3E-4DD7-83ED-E60520C513AB}.Debug|Any CPU.ActiveCfg = Debug|Any CPU
		{22EDB7DE-FD3E-4DD7-83ED-E60520C513AB}.Debug|Any CPU.Build.0 = Debug|Any CPU
		{22EDB7DE-FD3E-4DD7-83ED-E60520C513AB}.Release|Any CPU.ActiveCfg = Release|Any CPU
		{22EDB7DE-FD3E-4DD7-83ED-E60520C513AB}.Release|Any CPU.Build.0 = Release|Any CPU
		{E96D0466-FF51-44CE-9607-808BACF947D7}.Debug|Any CPU.ActiveCfg = Debug|Any CPU
		{E96D0466-FF51-44CE-9607-808BACF947D7}.Debug|Any CPU.Build.0 = Debug|Any CPU
		{E96D0466-FF51-44CE-9607-808BACF947D7}.Release|Any CPU.ActiveCfg = Release|Any CPU
		{E96D0466-FF51-44CE-9607-808BACF947D7}.Release|Any CPU.Build.0 = Release|Any CPU
	EndGlobalSection
	GlobalSection(SolutionProperties) = preSolution
		HideSolutionNode = FALSE
	EndGlobalSection
	GlobalSection(ExtensibilityGlobals) = postSolution
		SolutionGuid = {D83AF20E-2B9A-43B4-99D6-E5EB6FDAD1C7}
	EndGlobalSection
EndGlobal
